
Microsoft Visual Studio Solution File, Format Version 12.00
# Visual Studio Version 16
VisualStudioVersion = 16.0.31624.102
MinimumVisualStudioVersion = 10.0.40219.1
Project("{FAE04EC0-301F-11D3-BF4B-00C04F79EFBC}") = "BinanceAPI", "BinanceAPI\BinanceAPI.csproj", "{C6EEBEA3-34A7-4905-9A08-BBD79ABD7A2D}"
EndProject
Global
	GlobalSection(SolutionConfigurationPlatforms) = preSolution
		Debug|Any CPU = Debug|Any CPU
		Release|Any CPU = Release|Any CPU
	EndGlobalSection
	GlobalSection(ProjectConfigurationPlatforms) = postSolution
		{C6EEBEA3-34A7-4905-9A08-BBD79ABD7A2D}.Debug|Any CPU.ActiveCfg = Debug|Any CPU
		{C6EEBEA3-34A7-4905-9A08-BBD79ABD7A2D}.Debug|Any CPU.Build.0 = Debug|Any CPU
		{C6EEBEA3-34A7-4905-9A08-BBD79ABD7A2D}.Release|Any CPU.ActiveCfg = Release|Any CPU
		{C6EEBEA3-34A7-4905-9A08-BBD79ABD7A2D}.Release|Any CPU.Build.0 = Release|Any CPU
	EndGlobalSection
	GlobalSection(SolutionProperties) = preSolution
		HideSolutionNode = FALSE
	EndGlobalSection
	GlobalSection(ExtensibilityGlobals) = postSolution
		SolutionGuid = {4D1035C5-6617-4E9B-B6C0-1E7776951EF9}
	EndGlobalSection
EndGlobal
